// !$*UTF8*$!
{
	archiveVersion = 1;
	classes = {
	};
	objectVersion = 48;
	objects = {

/* Begin PBXBuildFile section */
		B5F759E420648F07008857B8 /* AppDelegate.swift in Sources */ = {isa = PBXBuildFile; fileRef = B5F759E320648F07008857B8 /* AppDelegate.swift */; };
		B5F759E620648F07008857B8 /* AmiiboListViewController.swift in Sources */ = {isa = PBXBuildFile; fileRef = B5F759E520648F07008857B8 /* AmiiboListViewController.swift */; };
		B5F759E920648F07008857B8 /* Main.storyboard in Resources */ = {isa = PBXBuildFile; fileRef = B5F759E720648F07008857B8 /* Main.storyboard */; };
		B5F759EB20648F07008857B8 /* Assets.xcassets in Resources */ = {isa = PBXBuildFile; fileRef = B5F759EA20648F07008857B8 /* Assets.xcassets */; };
		B5F759EE20648F07008857B8 /* LaunchScreen.storyboard in Resources */ = {isa = PBXBuildFile; fileRef = B5F759EC20648F07008857B8 /* LaunchScreen.storyboard */; };
		B5F759F720648F53008857B8 /* Amiibo.swift in Sources */ = {isa = PBXBuildFile; fileRef = B5F759F620648F53008857B8 /* Amiibo.swift */; };
		B5F759FA20648FF1008857B8 /* UIView+Autolayout.swift in Sources */ = {isa = PBXBuildFile; fileRef = B5F759F920648FF1008857B8 /* UIView+Autolayout.swift */; };
/* End PBXBuildFile section */

/* Begin PBXFileReference section */
		B5F759E020648F07008857B8 /* ProgramaticallyDemo.app */ = {isa = PBXFileReference; explicitFileType = wrapper.application; includeInIndex = 0; path = ProgramaticallyDemo.app; sourceTree = BUILT_PRODUCTS_DIR; };
		B5F759E320648F07008857B8 /* AppDelegate.swift */ = {isa = PBXFileReference; lastKnownFileType = sourcecode.swift; path = AppDelegate.swift; sourceTree = "<group>"; };
		B5F759E520648F07008857B8 /* AmiiboListViewController.swift */ = {isa = PBXFileReference; lastKnownFileType = sourcecode.swift; path = AmiiboListViewController.swift; sourceTree = "<group>"; };
		B5F759E820648F07008857B8 /* Base */ = {isa = PBXFileReference; lastKnownFileType = file.storyboard; name = Base; path = Base.lproj/Main.storyboard; sourceTree = "<group>"; };
		B5F759EA20648F07008857B8 /* Assets.xcassets */ = {isa = PBXFileReference; lastKnownFileType = folder.assetcatalog; path = Assets.xcassets; sourceTree = "<group>"; };
		B5F759ED20648F07008857B8 /* Base */ = {isa = PBXFileReference; lastKnownFileType = file.storyboard; name = Base; path = Base.lproj/LaunchScreen.storyboard; sourceTree = "<group>"; };
		B5F759EF20648F07008857B8 /* Info.plist */ = {isa = PBXFileReference; lastKnownFileType = text.plist.xml; path = Info.plist; sourceTree = "<group>"; };
		B5F759F620648F53008857B8 /* Amiibo.swift */ = {isa = PBXFileReference; lastKnownFileType = sourcecode.swift; path = Amiibo.swift; sourceTree = "<group>"; };
		B5F759F920648FF1008857B8 /* UIView+Autolayout.swift */ = {isa = PBXFileReference; lastKnownFileType = sourcecode.swift; path = "UIView+Autolayout.swift"; sourceTree = "<group>"; };
/* End PBXFileReference section */

/* Begin PBXFrameworksBuildPhase section */
		B5F759DD20648F07008857B8 /* Frameworks */ = {
			isa = PBXFrameworksBuildPhase;
			buildActionMask = 2147483647;
			files = (
			);
			runOnlyForDeploymentPostprocessing = 0;
		};
/* End PBXFrameworksBuildPhase section */

/* Begin PBXGroup section */
		B5F759D720648F07008857B8 = {
			isa = PBXGroup;
			children = (
				B5F759E220648F07008857B8 /* ProgramaticallyDemo */,
				B5F759E120648F07008857B8 /* Products */,
			);
			sourceTree = "<group>";
		};
		B5F759E120648F07008857B8 /* Products */ = {
			isa = PBXGroup;
			children = (
				B5F759E020648F07008857B8 /* ProgramaticallyDemo.app */,
			);
			name = Products;
			sourceTree = "<group>";
		};
		B5F759E220648F07008857B8 /* ProgramaticallyDemo */ = {
			isa = PBXGroup;
			children = (
				B5F759F820648FDC008857B8 /* Helpers */,
				B5F759F520648F48008857B8 /* Model */,
				B5F759E320648F07008857B8 /* AppDelegate.swift */,
				B5F759E520648F07008857B8 /* AmiiboListViewController.swift */,
				B5F759E720648F07008857B8 /* Main.storyboard */,
				B5F759EA20648F07008857B8 /* Assets.xcassets */,
				B5F759EC20648F07008857B8 /* LaunchScreen.storyboard */,
				B5F759EF20648F07008857B8 /* Info.plist */,
			);
			path = ProgramaticallyDemo;
			sourceTree = "<group>";
		};
		B5F759F520648F48008857B8 /* Model */ = {
			isa = PBXGroup;
			children = (
				B5F759F620648F53008857B8 /* Amiibo.swift */,
			);
			path = Model;
			sourceTree = "<group>";
		};
		B5F759F820648FDC008857B8 /* Helpers */ = {
			isa = PBXGroup;
			children = (
				B5F759F920648FF1008857B8 /* UIView+Autolayout.swift */,
			);
			path = Helpers;
			sourceTree = "<group>";
		};
/* End PBXGroup section */

/* Begin PBXNativeTarget section */
		B5F759DF20648F07008857B8 /* ProgramaticallyDemo */ = {
			isa = PBXNativeTarget;
			buildConfigurationList = B5F759F220648F07008857B8 /* Build configuration list for PBXNativeTarget "ProgramaticallyDemo" */;
			buildPhases = (
				B5F759DC20648F07008857B8 /* Sources */,
				B5F759DD20648F07008857B8 /* Frameworks */,
				B5F759DE20648F07008857B8 /* Resources */,
			);
			buildRules = (
			);
			dependencies = (
			);
			name = ProgramaticallyDemo;
			productName = ProgramaticallyDemo;
			productReference = B5F759E020648F07008857B8 /* ProgramaticallyDemo.app */;
			productType = "com.apple.product-type.application";
		};
/* End PBXNativeTarget section */

/* Begin PBXProject section */
		B5F759D820648F07008857B8 /* Project object */ = {
			isa = PBXProject;
			attributes = {
				LastSwiftUpdateCheck = 0920;
				LastUpgradeCheck = 0920;
				ORGANIZATIONNAME = Nearsoft;
				TargetAttributes = {
					B5F759DF20648F07008857B8 = {
						CreatedOnToolsVersion = 9.2;
						ProvisioningStyle = Automatic;
					};
				};
			};
			buildConfigurationList = B5F759DB20648F07008857B8 /* Build configuration list for PBXProject "ProgramaticallyDemo" */;
			compatibilityVersion = "Xcode 8.0";
			developmentRegion = en;
			hasScannedForEncodings = 0;
			knownRegions = (
				en,
				Base,
			);
			mainGroup = B5F759D720648F07008857B8;
			productRefGroup = B5F759E120648F07008857B8 /* Products */;
			projectDirPath = "";
			projectRoot = "";
			targets = (
				B5F759DF20648F07008857B8 /* ProgramaticallyDemo */,
			);
		};
/* End PBXProject section */

/* Begin PBXResourcesBuildPhase section */
		B5F759DE20648F07008857B8 /* Resources */ = {
			isa = PBXResourcesBuildPhase;
			buildActionMask = 2147483647;
			files = (
				B5F759EE20648F07008857B8 /* LaunchScreen.storyboard in Resources */,
				B5F759EB20648F07008857B8 /* Assets.xcassets in Resources */,
				B5F759E920648F07008857B8 /* Main.storyboard in Resources */,
			);
			runOnlyForDeploymentPostprocessing = 0;
		};
/* End PBXResourcesBuildPhase section */

/* Begin PBXSourcesBuildPhase section */
		B5F759DC20648F07008857B8 /* Sources */ = {
			isa = PBXSourcesBuildPhase;
			buildActionMask = 2147483647;
			files = (
				B5F759F720648F53008857B8 /* Amiibo.swift in Sources */,
				B5F759FA20648FF1008857B8 /* UIView+Autolayout.swift in Sources */,
				B5F759E620648F07008857B8 /* AmiiboListViewController.swift in Sources */,
				B5F759E420648F07008857B8 /* AppDelegate.swift in Sources */,
			);
			runOnlyForDeploymentPostprocessing = 0;
		};
/* End PBXSourcesBuildPhase section */

/* Begin PBXVariantGroup section */
		B5F759E720648F07008857B8 /* Main.storyboard */ = {
			isa = PBXVariantGroup;
			children = (
				B5F759E820648F07008857B8 /* Base */,
			);
			name = Main.storyboard;
			sourceTree = "<group>";
		};
		B5F759EC20648F07008857B8 /* LaunchScreen.storyboard */ = {
			isa = PBXVariantGroup;
			children = (
				B5F759ED20648F07008857B8 /* Base */,
			);
			name = LaunchScreen.storyboard;
			sourceTree = "<group>";
		};
/* End PBXVariantGroup section */

/* Begin XCBuildConfiguration section */
		B5F759F020648F07008857B8 /* Debug */ = {
			isa = XCBuildConfiguration;
			buildSettings = {
				ALWAYS_SEARCH_USER_PATHS = NO;
				CLANG_ANALYZER_NONNULL = YES;
				CLANG_ANALYZER_NUMBER_OBJECT_CONVERSION = YES_AGGRESSIVE;
				CLANG_CXX_LANGUAGE_STANDARD = "gnu++14";
				CLANG_CXX_LIBRARY = "libc++";
				CLANG_ENABLE_MODULES = YES;
				CLANG_ENABLE_OBJC_ARC = YES;
				CLANG_WARN_BLOCK_CAPTURE_AUTORELEASING = YES;
				CLANG_WARN_BOOL_CONVERSION = YES;
				CLANG_WARN_COMMA = YES;
				CLANG_WARN_CONSTANT_CONVERSION = YES;
				CLANG_WARN_DIRECT_OBJC_ISA_USAGE = YES_ERROR;
				CLANG_WARN_DOCUMENTATION_COMMENTS = YES;
				CLANG_WARN_EMPTY_BODY = YES;
				CLANG_WARN_ENUM_CONVERSION = YES;
				CLANG_WARN_INFINITE_RECURSION = YES;
				CLANG_WARN_INT_CONVERSION = YES;
				CLANG_WARN_NON_LITERAL_NULL_CONVERSION = YES;
				CLANG_WARN_OBJC_LITERAL_CONVERSION = YES;
				CLANG_WARN_OBJC_ROOT_CLASS = YES_ERROR;
				CLANG_WARN_RANGE_LOOP_ANALYSIS = YES;
				CLANG_WARN_STRICT_PROTOTYPES = YES;
				CLANG_WARN_SUSPICIOUS_MOVE = YES;
				CLANG_WARN_UNGUARDED_AVAILABILITY = YES_AGGRESSIVE;
				CLANG_WARN_UNREACHABLE_CODE = YES;
				CLANG_WARN__DUPLICATE_METHOD_MATCH = YES;
				CODE_SIGN_IDENTITY = "iPhone Developer";
				COPY_PHASE_STRIP = NO;
				DEBUG_INFORMATION_FORMAT = dwarf;
				ENABLE_STRICT_OBJC_MSGSEND = YES;
				ENABLE_TESTABILITY = YES;
				GCC_C_LANGUAGE_STANDARD = gnu11;
				GCC_DYNAMIC_NO_PIC = NO;
				GCC_NO_COMMON_BLOCKS = YES;
				GCC_OPTIMIZATION_LEVEL = 0;
				GCC_PREPROCESSOR_DEFINITIONS = (
					"DEBUG=1",
					"$(inherited)",
				);
				GCC_WARN_64_TO_32_BIT_CONVERSION = YES;
				GCC_WARN_ABOUT_RETURN_TYPE = YES_ERROR;
				GCC_WARN_UNDECLARED_SELECTOR = YES;
				GCC_WARN_UNINITIALIZED_AUTOS = YES_AGGRESSIVE;
				GCC_WARN_UNUSED_FUNCTION = YES;
				GCC_WARN_UNUSED_VARIABLE = YES;
				IPHONEOS_DEPLOYMENT_TARGET = 11.2;
				MTL_ENABLE_DEBUG_INFO = YES;
				ONLY_ACTIVE_ARCH = YES;
				SDKROOT = iphoneos;
				SWIFT_ACTIVE_COMPILATION_CONDITIONS = DEBUG;
				SWIFT_OPTIMIZATION_LEVEL = "-Onone";
			};
			name = Debug;
		};
		B5F759F120648F07008857B8 /* Release */ = {
			isa = XCBuildConfiguration;
			buildSettings = {
				ALWAYS_SEARCH_USER_PATHS = NO;
				CLANG_ANALYZER_NONNULL = YES;
				CLANG_ANALYZER_NUMBER_OBJECT_CONVERSION = YES_AGGRESSIVE;
				CLANG_CXX_LANGUAGE_STANDARD = "gnu++14";
				CLANG_CXX_LIBRARY = "libc++";
				CLANG_ENABLE_MODULES = YES;
				CLANG_ENABLE_OBJC_ARC = YES;
				CLANG_WARN_BLOCK_CAPTURE_AUTORELEASING = YES;
				CLANG_WARN_BOOL_CONVERSION = YES;
				CLANG_WARN_COMMA = YES;
				CLANG_WARN_CONSTANT_CONVERSION = YES;
				CLANG_WARN_DIRECT_OBJC_ISA_USAGE = YES_ERROR;
				CLANG_WARN_DOCUMENTATION_COMMENTS = YES;
				CLANG_WARN_EMPTY_BODY = YES;
				CLANG_WARN_ENUM_CONVERSION = YES;
				CLANG_WARN_INFINITE_RECURSION = YES;
				CLANG_WARN_INT_CONVERSION = YES;
				CLANG_WARN_NON_LITERAL_NULL_CONVERSION = YES;
				CLANG_WARN_OBJC_LITERAL_CONVERSION = YES;
				CLANG_WARN_OBJC_ROOT_CLASS = YES_ERROR;
				CLANG_WARN_RANGE_LOOP_ANALYSIS = YES;
				CLANG_WARN_STRICT_PROTOTYPES = YES;
				CLANG_WARN_SUSPICIOUS_MOVE = YES;
				CLANG_WARN_UNGUARDED_AVAILABILITY = YES_AGGRESSIVE;
				CLANG_WARN_UNREACHABLE_CODE = YES;
				CLANG_WARN__DUPLICATE_METHOD_MATCH = YES;
				CODE_SIGN_IDENTITY = "iPhone Developer";
				COPY_PHASE_STRIP = NO;
				DEBUG_INFORMATION_FORMAT = "dwarf-with-dsym";
				ENABLE_NS_ASSERTIONS = NO;
				ENABLE_STRICT_OBJC_MSGSEND = YES;
				GCC_C_LANGUAGE_STANDARD = gnu11;
				GCC_NO_COMMON_BLOCKS = YES;
				GCC_WARN_64_TO_32_BIT_CONVERSION = YES;
				GCC_WARN_ABOUT_RETURN_TYPE = YES_ERROR;
				GCC_WARN_UNDECLARED_SELECTOR = YES;
				GCC_WARN_UNINITIALIZED_AUTOS = YES_AGGRESSIVE;
				GCC_WARN_UNUSED_FUNCTION = YES;
				GCC_WARN_UNUSED_VARIABLE = YES;
				IPHONEOS_DEPLOYMENT_TARGET = 11.2;
				MTL_ENABLE_DEBUG_INFO = NO;
				SDKROOT = iphoneos;
				SWIFT_OPTIMIZATION_LEVEL = "-Owholemodule";
				VALIDATE_PRODUCT = YES;
			};
			name = Release;
		};
		B5F759F320648F07008857B8 /* Debug */ = {
			isa = XCBuildConfiguration;
			buildSettings = {
				ASSETCATALOG_COMPILER_APPICON_NAME = AppIcon;
				CODE_SIGN_STYLE = Automatic;
				DEVELOPMENT_TEAM = LHJA6J73E9;
				INFOPLIST_FILE = ProgramaticallyDemo/Info.plist;
				LD_RUNPATH_SEARCH_PATHS = "$(inherited) @executable_path/Frameworks";
				PRODUCT_BUNDLE_IDENTIFIER = com.Nearsoft.ProgramaticallyDemo;
				PRODUCT_NAME = "$(TARGET_NAME)";
				SWIFT_VERSION = 4.0;
				TARGETED_DEVICE_FAMILY = "1,2";
			};
			name = Debug;
		};
		B5F759F420648F07008857B8 /* Release */ = {
			isa = XCBuildConfiguration;
			buildSettings = {
				ASSETCATALOG_COMPILER_APPICON_NAME = AppIcon;
				CODE_SIGN_STYLE = Automatic;
				DEVELOPMENT_TEAM = LHJA6J73E9;
				INFOPLIST_FILE = ProgramaticallyDemo/Info.plist;
				LD_RUNPATH_SEARCH_PATHS = "$(inherited) @executable_path/Frameworks";
				PRODUCT_BUNDLE_IDENTIFIER = com.Nearsoft.ProgramaticallyDemo;
				PRODUCT_NAME = "$(TARGET_NAME)";
				SWIFT_VERSION = 4.0;
				TARGETED_DEVICE_FAMILY = "1,2";
			};
			name = Release;
		};
/* End XCBuildConfiguration section */

/* Begin XCConfigurationList section */
		B5F759DB20648F07008857B8 /* Build configuration list for PBXProject "ProgramaticallyDemo" */ = {
			isa = XCConfigurationList;
			buildConfigurations = (
				B5F759F020648F07008857B8 /* Debug */,
				B5F759F120648F07008857B8 /* Release */,
			);
			defaultConfigurationIsVisible = 0;
			defaultConfigurationName = Release;
		};
		B5F759F220648F07008857B8 /* Build configuration list for PBXNativeTarget "ProgramaticallyDemo" */ = {
			isa = XCConfigurationList;
			buildConfigurations = (
				B5F759F320648F07008857B8 /* Debug */,
				B5F759F420648F07008857B8 /* Release */,
			);
			defaultConfigurationIsVisible = 0;
			defaultConfigurationName = Release;
		};
/* End XCConfigurationList section */
	};
	rootObject = B5F759D820648F07008857B8 /* Project object */;
}
